
Microsoft Visual Studio Solution File, Format Version 12.00
# Visual Studio Version 17
VisualStudioVersion = 17.0.31903.59
MinimumVisualStudioVersion = 10.0.40219.1
Project("{2150E333-8FDC-42A3-9474-1A3956D46DE8}") = "src", "src", "{4C9ED938-A978-461A-9066-6956756972BD}"
EndProject
Project("{FAE04EC0-301F-11D3-BF4B-00C04F79EFBC}") = "AuctionService", "src\AuctionService\AuctionService.csproj", "{4178DE73-9C69-4CE3-BDAD-E48DD3BF21FD}"
EndProject
Global
	GlobalSection(SolutionConfigurationPlatforms) = preSolution
		Debug|Any CPU = Debug|Any CPU
		Release|Any CPU = Release|Any CPU
	EndGlobalSection
	GlobalSection(SolutionProperties) = preSolution
		HideSolutionNode = FALSE
	EndGlobalSection
	GlobalSection(ProjectConfigurationPlatforms) = postSolution
		{4178DE73-9C69-4CE3-BDAD-E48DD3BF21FD}.Debug|Any CPU.ActiveCfg = Debug|Any CPU
		{4178DE73-9C69-4CE3-BDAD-E48DD3BF21FD}.Debug|Any CPU.Build.0 = Debug|Any CPU
		{4178DE73-9C69-4CE3-BDAD-E48DD3BF21FD}.Release|Any CPU.ActiveCfg = Release|Any CPU
		{4178DE73-9C69-4CE3-BDAD-E48DD3BF21FD}.Release|Any CPU.Build.0 = Release|Any CPU
	EndGlobalSection
	GlobalSection(NestedProjects) = preSolution
		{4178DE73-9C69-4CE3-BDAD-E48DD3BF21FD} = {4C9ED938-A978-461A-9066-6956756972BD}
	EndGlobalSection
EndGlobal
